
Microsoft Visual Studio Solution File, Format Version 12.00
# Visual Studio Version 17
VisualStudioVersion = 17.4.33213.308
MinimumVisualStudioVersion = 10.0.40219.1
Project("{FAE04EC0-301F-11D3-BF4B-00C04F79EFBC}") = "TraningProject.Web", "TraningProject.Web\TraningProject.Web.csproj", "{60DA8E9D-D581-4D9A-AFA7-48EDD47D00E6}"
EndProject
Project("{FAE04EC0-301F-11D3-BF4B-00C04F79EFBC}") = "DataAccessLayer", "DataAccessLayer\DataAccessLayer.csproj", "{A86C1E8D-740C-4ECD-AF4D-F4238A1CCAC5}"
EndProject
Project("{FAE04EC0-301F-11D3-BF4B-00C04F79EFBC}") = "Service.Common", "Service.Common\Service.Common.csproj", "{D7096854-3545-4C79-AF79-D30CCC1A6D2F}"
EndProject
Project("{FAE04EC0-301F-11D3-BF4B-00C04F79EFBC}") = "ServiceLayer", "ServiceLayer\ServiceLayer.csproj", "{33BEBF55-BD8E-43E5-8904-252491F4FBC8}"
EndProject
Global
	GlobalSection(SolutionConfigurationPlatforms) = preSolution
		Debug|Any CPU = Debug|Any CPU
		Release|Any CPU = Release|Any CPU
	EndGlobalSection
	GlobalSection(ProjectConfigurationPlatforms) = postSolution
		{60DA8E9D-D581-4D9A-AFA7-48EDD47D00E6}.Debug|Any CPU.ActiveCfg = Debug|Any CPU
		{60DA8E9D-D581-4D9A-AFA7-48EDD47D00E6}.Debug|Any CPU.Build.0 = Debug|Any CPU
		{60DA8E9D-D581-4D9A-AFA7-48EDD47D00E6}.Release|Any CPU.ActiveCfg = Release|Any CPU
		{60DA8E9D-D581-4D9A-AFA7-48EDD47D00E6}.Release|Any CPU.Build.0 = Release|Any CPU
		{A86C1E8D-740C-4ECD-AF4D-F4238A1CCAC5}.Debug|Any CPU.ActiveCfg = Debug|Any CPU
		{A86C1E8D-740C-4ECD-AF4D-F4238A1CCAC5}.Debug|Any CPU.Build.0 = Debug|Any CPU
		{A86C1E8D-740C-4ECD-AF4D-F4238A1CCAC5}.Release|Any CPU.ActiveCfg = Release|Any CPU
		{A86C1E8D-740C-4ECD-AF4D-F4238A1CCAC5}.Release|Any CPU.Build.0 = Release|Any CPU
		{D7096854-3545-4C79-AF79-D30CCC1A6D2F}.Debug|Any CPU.ActiveCfg = Debug|Any CPU
		{D7096854-3545-4C79-AF79-D30CCC1A6D2F}.Debug|Any CPU.Build.0 = Debug|Any CPU
		{D7096854-3545-4C79-AF79-D30CCC1A6D2F}.Release|Any CPU.ActiveCfg = Release|Any CPU
		{D7096854-3545-4C79-AF79-D30CCC1A6D2F}.Release|Any CPU.Build.0 = Release|Any CPU
		{33BEBF55-BD8E-43E5-8904-252491F4FBC8}.Debug|Any CPU.ActiveCfg = Debug|Any CPU
		{33BEBF55-BD8E-43E5-8904-252491F4FBC8}.Debug|Any CPU.Build.0 = Debug|Any CPU
		{33BEBF55-BD8E-43E5-8904-252491F4FBC8}.Release|Any CPU.ActiveCfg = Release|Any CPU
		{33BEBF55-BD8E-43E5-8904-252491F4FBC8}.Release|Any CPU.Build.0 = Release|Any CPU
	EndGlobalSection
	GlobalSection(SolutionProperties) = preSolution
		HideSolutionNode = FALSE
	EndGlobalSection
	GlobalSection(ExtensibilityGlobals) = postSolution
		SolutionGuid = {6E8144BB-6B28-474F-AB12-0AFA9B766DC3}
	EndGlobalSection
EndGlobal
